
Microsoft Visual Studio Solution File, Format Version 12.00
# Visual Studio Version 17
VisualStudioVersion = 17.7.34009.444
MinimumVisualStudioVersion = 10.0.40219.1
Project("{FAE04EC0-301F-11D3-BF4B-00C04F79EFBC}") = "PROGRAM 3", "PROGRAM 3\PROGRAM 3.csproj", "{76FD2D91-72EE-4D74-BBFA-C0FFFA02AD64}"
EndProject
Global
	GlobalSection(SolutionConfigurationPlatforms) = preSolution
		Debug|Any CPU = Debug|Any CPU
		Release|Any CPU = Release|Any CPU
	EndGlobalSection
	GlobalSection(ProjectConfigurationPlatforms) = postSolution
		{76FD2D91-72EE-4D74-BBFA-C0FFFA02AD64}.Debug|Any CPU.ActiveCfg = Debug|Any CPU
		{76FD2D91-72EE-4D74-BBFA-C0FFFA02AD64}.Debug|Any CPU.Build.0 = Debug|Any CPU
		{76FD2D91-72EE-4D74-BBFA-C0FFFA02AD64}.Release|Any CPU.ActiveCfg = Release|Any CPU
		{76FD2D91-72EE-4D74-BBFA-C0FFFA02AD64}.Release|Any CPU.Build.0 = Release|Any CPU
	EndGlobalSection
	GlobalSection(SolutionProperties) = preSolution
		HideSolutionNode = FALSE
	EndGlobalSection
	GlobalSection(ExtensibilityGlobals) = postSolution
		SolutionGuid = {DB2B8C5E-A908-49B7-A7EC-F4534510CED2}
	EndGlobalSection
EndGlobal
